Microsoft Visual Studio Solution File, Format Version 12.00
# Visual Studio Version 17
VisualStudioVersion = 17.5.2.0
MinimumVisualStudioVersion = 10.0.40219.1
Project("{FAE04EC0-301F-11D3-BF4B-00C04F79EFBC}") = "DEBER_SEMANA10", "DEBER_SEMANA10.csproj", "{BBBB248F-1F52-BECB-05FF-216C54FD7284}"
EndProject
Global
	GlobalSection(SolutionConfigurationPlatforms) = preSolution
		Debug|Any CPU = Debug|Any CPU
		Release|Any CPU = Release|Any CPU
	EndGlobalSection
	GlobalSection(ProjectConfigurationPlatforms) = postSolution
		{BBBB248F-1F52-BECB-05FF-216C54FD7284}.Debug|Any CPU.ActiveCfg = Debug|Any CPU
		{BBBB248F-1F52-BECB-05FF-216C54FD7284}.Debug|Any CPU.Build.0 = Debug|Any CPU
		{BBBB248F-1F52-BECB-05FF-216C54FD7284}.Release|Any CPU.ActiveCfg = Release|Any CPU
		{BBBB248F-1F52-BECB-05FF-216C54FD7284}.Release|Any CPU.Build.0 = Release|Any CPU
	EndGlobalSection
	GlobalSection(SolutionProperties) = preSolution
		HideSolutionNode = FALSE
	EndGlobalSection
	GlobalSection(ExtensibilityGlobals) = postSolution
		SolutionGuid = {DA7B9358-C8B0-4124-95A1-3AA4033D4216}
	EndGlobalSection
EndGlobal
